
Microsoft Visual Studio Solution File, Format Version 12.00
# Visual Studio Version 17
VisualStudioVersion = 17.7.34024.191
MinimumVisualStudioVersion = 10.0.40219.1
Project("{FAE04EC0-301F-11D3-BF4B-00C04F79EFBC}") = "finalproject_studentmanagement", "finalproject_studentmanagement\finalproject_studentmanagement.csproj", "{3509A8B9-2D46-49C6-8492-4EC63F61991F}"
EndProject
Global
	GlobalSection(SolutionConfigurationPlatforms) = preSolution
		Debug|Any CPU = Debug|Any CPU
		Release|Any CPU = Release|Any CPU
	EndGlobalSection
	GlobalSection(ProjectConfigurationPlatforms) = postSolution
		{3509A8B9-2D46-49C6-8492-4EC63F61991F}.Debug|Any CPU.ActiveCfg = Debug|Any CPU
		{3509A8B9-2D46-49C6-8492-4EC63F61991F}.Debug|Any CPU.Build.0 = Debug|Any CPU
		{3509A8B9-2D46-49C6-8492-4EC63F61991F}.Release|Any CPU.ActiveCfg = Release|Any CPU
		{3509A8B9-2D46-49C6-8492-4EC63F61991F}.Release|Any CPU.Build.0 = Release|Any CPU
	EndGlobalSection
	GlobalSection(SolutionProperties) = preSolution
		HideSolutionNode = FALSE
	EndGlobalSection
	GlobalSection(ExtensibilityGlobals) = postSolution
		SolutionGuid = {7C9F0E9F-4079-4C8A-BD16-E9B30A684060}
	EndGlobalSection
EndGlobal
